GEM
  remote: https://rubygems.org/
  specs:
    animation (0.1.alpha.3)
      compass (>= 0.12.0)
      sass (>= 3.2.0.alpha.95)
    chunky_png (1.2.9)
    compass (0.13.alpha.0)
      chunky_png (~> 1.2)
      fssm (>= 0.2.7)
      sass (~> 3.2.0.alpha.93)
    fssm (0.2.10)
    sass (3.2.12)

PLATFORMS
  ruby

DEPENDENCIES
  animation (= 0.1.alpha.3)
  compass (= 0.13.alpha.0)
